
Microsoft Visual Studio Solution File, Format Version 12.00
# Visual Studio Version 16
VisualStudioVersion = 16.0.29306.81
MinimumVisualStudioVersion = 10.0.40219.1
Project("{FAE04EC0-301F-11D3-BF4B-00C04F79EFBC}") = "Web Client", "Web Client\Web Client.csproj", "{9CCA0354-E6D5-4760-A319-F834EF00D1CA}"
EndProject
Project("{FAE04EC0-301F-11D3-BF4B-00C04F79EFBC}") = "Model", "Model\Model.csproj", "{06093586-9700-4113-AC0A-13DDB9D206A5}"
EndProject
Project("{FAE04EC0-301F-11D3-BF4B-00C04F79EFBC}") = "Web ClientTest", "Web ClientTest\Web ClientTest.csproj", "{CF40A992-4BBE-4403-AB2C-BBCF317BB23E}"
EndProject
Global
	GlobalSection(SolutionConfigurationPlatforms) = preSolution
		Debug|Any CPU = Debug|Any CPU
		Release|Any CPU = Release|Any CPU
	EndGlobalSection
	GlobalSection(ProjectConfigurationPlatforms) = postSolution
		{9CCA0354-E6D5-4760-A319-F834EF00D1CA}.Debug|Any CPU.ActiveCfg = Debug|Any CPU
		{9CCA0354-E6D5-4760-A319-F834EF00D1CA}.Debug|Any CPU.Build.0 = Debug|Any CPU
		{9CCA0354-E6D5-4760-A319-F834EF00D1CA}.Release|Any CPU.ActiveCfg = Release|Any CPU
		{9CCA0354-E6D5-4760-A319-F834EF00D1CA}.Release|Any CPU.Build.0 = Release|Any CPU
		{06093586-9700-4113-AC0A-13DDB9D206A5}.Debug|Any CPU.ActiveCfg = Debug|Any CPU
		{06093586-9700-4113-AC0A-13DDB9D206A5}.Debug|Any CPU.Build.0 = Debug|Any CPU
		{06093586-9700-4113-AC0A-13DDB9D206A5}.Release|Any CPU.ActiveCfg = Release|Any CPU
		{06093586-9700-4113-AC0A-13DDB9D206A5}.Release|Any CPU.Build.0 = Release|Any CPU
		{CF40A992-4BBE-4403-AB2C-BBCF317BB23E}.Debug|Any CPU.ActiveCfg = Debug|Any CPU
		{CF40A992-4BBE-4403-AB2C-BBCF317BB23E}.Debug|Any CPU.Build.0 = Debug|Any CPU
		{CF40A992-4BBE-4403-AB2C-BBCF317BB23E}.Release|Any CPU.ActiveCfg = Release|Any CPU
		{CF40A992-4BBE-4403-AB2C-BBCF317BB23E}.Release|Any CPU.Build.0 = Release|Any CPU
	EndGlobalSection
	GlobalSection(SolutionProperties) = preSolution
		HideSolutionNode = FALSE
	EndGlobalSection
	GlobalSection(ExtensibilityGlobals) = postSolution
		SolutionGuid = {8D7E47CF-F636-43A6-BF1D-FCBB6F9491D0}
	EndGlobalSection
EndGlobal
